// !$*UTF8*$!
{
	archiveVersion = 1;
	classes = {
	};
	objectVersion = 48;
	objects = {

/* Begin PBXBuildFile section */
		E63948F421F33C77005CC221 /* PartModel.swift in Sources */ = {isa = PBXBuildFile; fileRef = E63948F321F33C77005CC221 /* PartModel.swift */; };
		E63948F621F4DE2F005CC221 /* ItemListVM.swift in Sources */ = {isa = PBXBuildFile; fileRef = E63948F521F4DE2F005CC221 /* ItemListVM.swift */; };
		E699E7422350BED000CF9231 /* ComboTableCellView.swift in Sources */ = {isa = PBXBuildFile; fileRef = E699E7412350BED000CF9231 /* ComboTableCellView.swift */; };
		E699E7442350C2F500CF9231 /* ManufacturerModel.swift in Sources */ = {isa = PBXBuildFile; fileRef = E699E7432350C2F500CF9231 /* ManufacturerModel.swift */; };
		E699E7462350C45A00CF9231 /* ManufacturerProvider.swift in Sources */ = {isa = PBXBuildFile; fileRef = E699E7452350C45A00CF9231 /* ManufacturerProvider.swift */; };
		E699E7482350CCC500CF9231 /* BoxModel.swift in Sources */ = {isa = PBXBuildFile; fileRef = E699E7472350CCC500CF9231 /* BoxModel.swift */; };
		E699E74A2350CD5D00CF9231 /* OrganizationModel.swift in Sources */ = {isa = PBXBuildFile; fileRef = E699E7492350CD5D00CF9231 /* OrganizationModel.swift */; };
		E6DB1A3221D3F17000A6E89B /* ItemListVC.swift in Sources */ = {isa = PBXBuildFile; fileRef = E6DB1A3121D3F17000A6E89B /* ItemListVC.swift */; };
		E6DB1A3421D425C500A6E89B /* OutlineSelectableCell.swift in Sources */ = {isa = PBXBuildFile; fileRef = E6DB1A3321D425C500A6E89B /* OutlineSelectableCell.swift */; };
		E6DB1A3621D5371200A6E89B /* PartCategory.swift in Sources */ = {isa = PBXBuildFile; fileRef = E6DB1A3521D5371200A6E89B /* PartCategory.swift */; };
		E6DB1A3B21D6373800A6E89B /* ListEntryModel.swift in Sources */ = {isa = PBXBuildFile; fileRef = E6DB1A3A21D6373800A6E89B /* ListEntryModel.swift */; };
		E6DB1A3D21D63E0A00A6E89B /* ResistorModel.swift in Sources */ = {isa = PBXBuildFile; fileRef = E6DB1A3C21D63E0A00A6E89B /* ResistorModel.swift */; };
		E6DB1A3F21D6493A00A6E89B /* CapacitorModel.swift in Sources */ = {isa = PBXBuildFile; fileRef = E6DB1A3E21D6493A00A6E89B /* CapacitorModel.swift */; };
		E6DB1A4321DE62E700A6E89B /* MenuVM.swift in Sources */ = {isa = PBXBuildFile; fileRef = E6DB1A4221DE62E700A6E89B /* MenuVM.swift */; };
		E6DB1A4521DE694800A6E89B /* StoryboardIdentifiers.swift in Sources */ = {isa = PBXBuildFile; fileRef = E6DB1A4421DE694800A6E89B /* StoryboardIdentifiers.swift */; };
		E6F4C65721D390C200FAC50F /* AppDelegate.swift in Sources */ = {isa = PBXBuildFile; fileRef = E6F4C65621D390C200FAC50F /* AppDelegate.swift */; };
		E6F4C65921D390C200FAC50F /* ContainerVC.swift in Sources */ = {isa = PBXBuildFile; fileRef = E6F4C65821D390C200FAC50F /* ContainerVC.swift */; };
		E6F4C65C21D390C200FAC50F /* Warehouse.xcdatamodeld in Sources */ = {isa = PBXBuildFile; fileRef = E6F4C65A21D390C200FAC50F /* Warehouse.xcdatamodeld */; };
		E6F4C65E21D390C200FAC50F /* Assets.xcassets in Resources */ = {isa = PBXBuildFile; fileRef = E6F4C65D21D390C200FAC50F /* Assets.xcassets */; };
		E6F4C66121D390C200FAC50F /* Main.storyboard in Resources */ = {isa = PBXBuildFile; fileRef = E6F4C65F21D390C200FAC50F /* Main.storyboard */; };
		E6F4C66D21D390C300FAC50F /* WarehouseTests.swift in Sources */ = {isa = PBXBuildFile; fileRef = E6F4C66C21D390C300FAC50F /* WarehouseTests.swift */; };
		E6F4C67821D39D7000FAC50F /* MenuVC.swift in Sources */ = {isa = PBXBuildFile; fileRef = E6F4C67721D39D7000FAC50F /* MenuVC.swift */; };
/* End PBXBuildFile section */

/* Begin PBXContainerItemProxy section */
		E6F4C66921D390C300FAC50F /* PBXContainerItemProxy */ = {
			isa = PBXContainerItemProxy;
			containerPortal = E6F4C64B21D390C200FAC50F /* Project object */;
			proxyType = 1;
			remoteGlobalIDString = E6F4C65221D390C200FAC50F;
			remoteInfo = Warehouse;
		};
/* End PBXContainerItemProxy section */

/* Begin PBXFileReference section */
		E63948F321F33C77005CC221 /* PartModel.swift */ = {isa = PBXFileReference; lastKnownFileType = sourcecode.swift; path = PartModel.swift; sourceTree = "<group>"; };
		E63948F521F4DE2F005CC221 /* ItemListVM.swift */ = {isa = PBXFileReference; lastKnownFileType = sourcecode.swift; path = ItemListVM.swift; sourceTree = "<group>"; };
		E699E7412350BED000CF9231 /* ComboTableCellView.swift */ = {isa = PBXFileReference; lastKnownFileType = sourcecode.swift; path = ComboTableCellView.swift; sourceTree = "<group>"; };
		E699E7432350C2F500CF9231 /* ManufacturerModel.swift */ = {isa = PBXFileReference; lastKnownFileType = sourcecode.swift; path = ManufacturerModel.swift; sourceTree = "<group>"; };
		E699E7452350C45A00CF9231 /* ManufacturerProvider.swift */ = {isa = PBXFileReference; lastKnownFileType = sourcecode.swift; path = ManufacturerProvider.swift; sourceTree = "<group>"; };
		E699E7472350CCC500CF9231 /* BoxModel.swift */ = {isa = PBXFileReference; lastKnownFileType = sourcecode.swift; path = BoxModel.swift; sourceTree = "<group>"; };
		E699E7492350CD5D00CF9231 /* OrganizationModel.swift */ = {isa = PBXFileReference; lastKnownFileType = sourcecode.swift; path = OrganizationModel.swift; sourceTree = "<group>"; };
		E6DB1A3121D3F17000A6E89B /* ItemListVC.swift */ = {isa = PBXFileReference; lastKnownFileType = sourcecode.swift; path = ItemListVC.swift; sourceTree = "<group>"; };
		E6DB1A3321D425C500A6E89B /* OutlineSelectableCell.swift */ = {isa = PBXFileReference; lastKnownFileType = sourcecode.swift; path = OutlineSelectableCell.swift; sourceTree = "<group>"; };
		E6DB1A3521D5371200A6E89B /* PartCategory.swift */ = {isa = PBXFileReference; lastKnownFileType = sourcecode.swift; path = PartCategory.swift; sourceTree = "<group>"; };
		E6DB1A3A21D6373800A6E89B /* ListEntryModel.swift */ = {isa = PBXFileReference; lastKnownFileType = sourcecode.swift; path = ListEntryModel.swift; sourceTree = "<group>"; };
		E6DB1A3C21D63E0A00A6E89B /* ResistorModel.swift */ = {isa = PBXFileReference; lastKnownFileType = sourcecode.swift; path = ResistorModel.swift; sourceTree = "<group>"; };
		E6DB1A3E21D6493A00A6E89B /* CapacitorModel.swift */ = {isa = PBXFileReference; lastKnownFileType = sourcecode.swift; path = CapacitorModel.swift; sourceTree = "<group>"; };
		E6DB1A4221DE62E700A6E89B /* MenuVM.swift */ = {isa = PBXFileReference; lastKnownFileType = sourcecode.swift; path = MenuVM.swift; sourceTree = "<group>"; };
		E6DB1A4421DE694800A6E89B /* StoryboardIdentifiers.swift */ = {isa = PBXFileReference; lastKnownFileType = sourcecode.swift; path = StoryboardIdentifiers.swift; sourceTree = "<group>"; };
		E6F4C65321D390C200FAC50F /* Warehouse.app */ = {isa = PBXFileReference; explicitFileType = wrapper.application; includeInIndex = 0; path = Warehouse.app; sourceTree = BUILT_PRODUCTS_DIR; };
		E6F4C65621D390C200FAC50F /* AppDelegate.swift */ = {isa = PBXFileReference; lastKnownFileType = sourcecode.swift; path = AppDelegate.swift; sourceTree = "<group>"; };
		E6F4C65821D390C200FAC50F /* ContainerVC.swift */ = {isa = PBXFileReference; lastKnownFileType = sourcecode.swift; path = ContainerVC.swift; sourceTree = "<group>"; };
		E6F4C65B21D390C200FAC50F /* Warehouse.xcdatamodel */ = {isa = PBXFileReference; lastKnownFileType = wrapper.xcdatamodel; path = Warehouse.xcdatamodel; sourceTree = "<group>"; };
		E6F4C65D21D390C200FAC50F /* Assets.xcassets */ = {isa = PBXFileReference; lastKnownFileType = folder.assetcatalog; path = Assets.xcassets; sourceTree = "<group>"; };
		E6F4C66021D390C200FAC50F /* Base */ = {isa = PBXFileReference; lastKnownFileType = file.storyboard; name = Base; path = Base.lproj/Main.storyboard; sourceTree = "<group>"; };
		E6F4C66221D390C200FAC50F /* Info.plist */ = {isa = PBXFileReference; lastKnownFileType = text.plist.xml; path = Info.plist; sourceTree = "<group>"; };
		E6F4C66321D390C200FAC50F /* Warehouse.entitlements */ = {isa = PBXFileReference; lastKnownFileType = text.plist.entitlements; path = Warehouse.entitlements; sourceTree = "<group>"; };
		E6F4C66821D390C300FAC50F /* WarehouseTests.xctest */ = {isa = PBXFileReference; explicitFileType = wrapper.cfbundle; includeInIndex = 0; path = WarehouseTests.xctest; sourceTree = BUILT_PRODUCTS_DIR; };
		E6F4C66C21D390C300FAC50F /* WarehouseTests.swift */ = {isa = PBXFileReference; lastKnownFileType = sourcecode.swift; path = WarehouseTests.swift; sourceTree = "<group>"; };
		E6F4C66E21D390C300FAC50F /* Info.plist */ = {isa = PBXFileReference; lastKnownFileType = text.plist.xml; path = Info.plist; sourceTree = "<group>"; };
		E6F4C67721D39D7000FAC50F /* MenuVC.swift */ = {isa = PBXFileReference; lastKnownFileType = sourcecode.swift; path = MenuVC.swift; sourceTree = "<group>"; };
/* End PBXFileReference section */

/* Begin PBXFrameworksBuildPhase section */
		E6F4C65021D390C200FAC50F /* Frameworks */ = {
			isa = PBXFrameworksBuildPhase;
			buildActionMask = 2147483647;
			files = (
			);
			runOnlyForDeploymentPostprocessing = 0;
		};
		E6F4C66521D390C300FAC50F /* Frameworks */ = {
			isa = PBXFrameworksBuildPhase;
			buildActionMask = 2147483647;
			files = (
			);
			runOnlyForDeploymentPostprocessing = 0;
		};
/* End PBXFrameworksBuildPhase section */

/* Begin PBXGroup section */
		E63948ED21F33497005CC221 /* ViewModels */ = {
			isa = PBXGroup;
			children = (
				E63948F521F4DE2F005CC221 /* ItemListVM.swift */,
				E6DB1A4221DE62E700A6E89B /* MenuVM.swift */,
			);
			path = ViewModels;
			sourceTree = "<group>";
		};
		E699E7402350BEAD00CF9231 /* TableViews */ = {
			isa = PBXGroup;
			children = (
				E699E7412350BED000CF9231 /* ComboTableCellView.swift */,
			);
			path = TableViews;
			sourceTree = "<group>";
		};
		E6DB1A3921D6371F00A6E89B /* Models */ = {
			isa = PBXGroup;
			children = (
				E6DB1A3521D5371200A6E89B /* PartCategory.swift */,
				E6DB1A3A21D6373800A6E89B /* ListEntryModel.swift */,
				E63948F321F33C77005CC221 /* PartModel.swift */,
				E699E7432350C2F500CF9231 /* ManufacturerModel.swift */,
				E699E7472350CCC500CF9231 /* BoxModel.swift */,
				E699E7492350CD5D00CF9231 /* OrganizationModel.swift */,
				E6DB1A3C21D63E0A00A6E89B /* ResistorModel.swift */,
				E699E7452350C45A00CF9231 /* ManufacturerProvider.swift */,
				E6DB1A3E21D6493A00A6E89B /* CapacitorModel.swift */,
			);
			path = Models;
			sourceTree = "<group>";
		};
		E6F4C64A21D390C200FAC50F = {
			isa = PBXGroup;
			children = (
				E6F4C65521D390C200FAC50F /* Warehouse */,
				E6F4C66B21D390C300FAC50F /* WarehouseTests */,
				E6F4C65421D390C200FAC50F /* Products */,
			);
			sourceTree = "<group>";
		};
		E6F4C65421D390C200FAC50F /* Products */ = {
			isa = PBXGroup;
			children = (
				E6F4C65321D390C200FAC50F /* Warehouse.app */,
				E6F4C66821D390C300FAC50F /* WarehouseTests.xctest */,
			);
			name = Products;
			sourceTree = "<group>";
		};
		E6F4C65521D390C200FAC50F /* Warehouse */ = {
			isa = PBXGroup;
			children = (
				E6F4C65621D390C200FAC50F /* AppDelegate.swift */,
				E6F4C65821D390C200FAC50F /* ContainerVC.swift */,
				E6F4C65D21D390C200FAC50F /* Assets.xcassets */,
				E6F4C65F21D390C200FAC50F /* Main.storyboard */,
				E6DB1A3321D425C500A6E89B /* OutlineSelectableCell.swift */,
				E6DB1A3121D3F17000A6E89B /* ItemListVC.swift */,
				E6F4C67721D39D7000FAC50F /* MenuVC.swift */,
				E6DB1A4421DE694800A6E89B /* StoryboardIdentifiers.swift */,
				E699E7402350BEAD00CF9231 /* TableViews */,
				E63948ED21F33497005CC221 /* ViewModels */,
				E6DB1A3921D6371F00A6E89B /* Models */,
				E6F4C66221D390C200FAC50F /* Info.plist */,
				E6F4C66321D390C200FAC50F /* Warehouse.entitlements */,
				E6F4C65A21D390C200FAC50F /* Warehouse.xcdatamodeld */,
			);
			path = Warehouse;
			sourceTree = "<group>";
		};
		E6F4C66B21D390C300FAC50F /* WarehouseTests */ = {
			isa = PBXGroup;
			children = (
				E6F4C66C21D390C300FAC50F /* WarehouseTests.swift */,
				E6F4C66E21D390C300FAC50F /* Info.plist */,
			);
			path = WarehouseTests;
			sourceTree = "<group>";
		};
/* End PBXGroup section */

/* Begin PBXNativeTarget section */
		E6F4C65221D390C200FAC50F /* Warehouse */ = {
			isa = PBXNativeTarget;
			buildConfigurationList = E6F4C67121D390C300FAC50F /* Build configuration list for PBXNativeTarget "Warehouse" */;
			buildPhases = (
				E6F4C64F21D390C200FAC50F /* Sources */,
				E6F4C65021D390C200FAC50F /* Frameworks */,
				E6F4C65121D390C200FAC50F /* Resources */,
			);
			buildRules = (
			);
			dependencies = (
			);
			name = Warehouse;
			productName = Warehouse;
			productReference = E6F4C65321D390C200FAC50F /* Warehouse.app */;
			productType = "com.apple.product-type.application";
		};
		E6F4C66721D390C300FAC50F /* WarehouseTests */ = {
			isa = PBXNativeTarget;
			buildConfigurationList = E6F4C67421D390C300FAC50F /* Build configuration list for PBXNativeTarget "WarehouseTests" */;
			buildPhases = (
				E6F4C66421D390C300FAC50F /* Sources */,
				E6F4C66521D390C300FAC50F /* Frameworks */,
				E6F4C66621D390C300FAC50F /* Resources */,
			);
			buildRules = (
			);
			dependencies = (
				E6F4C66A21D390C300FAC50F /* PBXTargetDependency */,
			);
			name = WarehouseTests;
			productName = WarehouseTests;
			productReference = E6F4C66821D390C300FAC50F /* WarehouseTests.xctest */;
			productType = "com.apple.product-type.bundle.unit-test";
		};
/* End PBXNativeTarget section */

/* Begin PBXProject section */
		E6F4C64B21D390C200FAC50F /* Project object */ = {
			isa = PBXProject;
			attributes = {
				LastSwiftUpdateCheck = 0900;
				LastUpgradeCheck = 0900;
				ORGANIZATIONNAME = BearSoft;
				TargetAttributes = {
					E6F4C65221D390C200FAC50F = {
						CreatedOnToolsVersion = 9.0;
						LastSwiftMigration = 1100;
						ProvisioningStyle = Automatic;
					};
					E6F4C66721D390C300FAC50F = {
						CreatedOnToolsVersion = 9.0;
						LastSwiftMigration = 1100;
						ProvisioningStyle = Automatic;
						TestTargetID = E6F4C65221D390C200FAC50F;
					};
				};
			};
			buildConfigurationList = E6F4C64E21D390C200FAC50F /* Build configuration list for PBXProject "Warehouse" */;
			compatibilityVersion = "Xcode 8.0";
			developmentRegion = en;
			hasScannedForEncodings = 0;
			knownRegions = (
				en,
				Base,
			);
			mainGroup = E6F4C64A21D390C200FAC50F;
			productRefGroup = E6F4C65421D390C200FAC50F /* Products */;
			projectDirPath = "";
			projectRoot = "";
			targets = (
				E6F4C65221D390C200FAC50F /* Warehouse */,
				E6F4C66721D390C300FAC50F /* WarehouseTests */,
			);
		};
/* End PBXProject section */

/* Begin PBXResourcesBuildPhase section */
		E6F4C65121D390C200FAC50F /* Resources */ = {
			isa = PBXResourcesBuildPhase;
			buildActionMask = 2147483647;
			files = (
				E6F4C65E21D390C200FAC50F /* Assets.xcassets in Resources */,
				E6F4C66121D390C200FAC50F /* Main.storyboard in Resources */,
			);
			runOnlyForDeploymentPostprocessing = 0;
		};
		E6F4C66621D390C300FAC50F /* Resources */ = {
			isa = PBXResourcesBuildPhase;
			buildActionMask = 2147483647;
			files = (
			);
			runOnlyForDeploymentPostprocessing = 0;
		};
/* End PBXResourcesBuildPhase section */

/* Begin PBXSourcesBuildPhase section */
		E6F4C64F21D390C200FAC50F /* Sources */ = {
			isa = PBXSourcesBuildPhase;
			buildActionMask = 2147483647;
			files = (
				E699E7442350C2F500CF9231 /* ManufacturerModel.swift in Sources */,
				E699E7462350C45A00CF9231 /* ManufacturerProvider.swift in Sources */,
				E6DB1A3421D425C500A6E89B /* OutlineSelectableCell.swift in Sources */,
				E63948F421F33C77005CC221 /* PartModel.swift in Sources */,
				E6F4C65C21D390C200FAC50F /* Warehouse.xcdatamodeld in Sources */,
				E699E7482350CCC500CF9231 /* BoxModel.swift in Sources */,
				E6F4C67821D39D7000FAC50F /* MenuVC.swift in Sources */,
				E6DB1A3621D5371200A6E89B /* PartCategory.swift in Sources */,
				E6DB1A4521DE694800A6E89B /* StoryboardIdentifiers.swift in Sources */,
				E6DB1A3F21D6493A00A6E89B /* CapacitorModel.swift in Sources */,
				E63948F621F4DE2F005CC221 /* ItemListVM.swift in Sources */,
				E699E74A2350CD5D00CF9231 /* OrganizationModel.swift in Sources */,
				E6DB1A3B21D6373800A6E89B /* ListEntryModel.swift in Sources */,
				E6DB1A3D21D63E0A00A6E89B /* ResistorModel.swift in Sources */,
				E6DB1A3221D3F17000A6E89B /* ItemListVC.swift in Sources */,
				E699E7422350BED000CF9231 /* ComboTableCellView.swift in Sources */,
				E6F4C65921D390C200FAC50F /* ContainerVC.swift in Sources */,
				E6F4C65721D390C200FAC50F /* AppDelegate.swift in Sources */,
				E6DB1A4321DE62E700A6E89B /* MenuVM.swift in Sources */,
			);
			runOnlyForDeploymentPostprocessing = 0;
		};
		E6F4C66421D390C300FAC50F /* Sources */ = {
			isa = PBXSourcesBuildPhase;
			buildActionMask = 2147483647;
			files = (
				E6F4C66D21D390C300FAC50F /* WarehouseTests.swift in Sources */,
			);
			runOnlyForDeploymentPostprocessing = 0;
		};
/* End PBXSourcesBuildPhase section */

/* Begin PBXTargetDependency section */
		E6F4C66A21D390C300FAC50F /* PBXTargetDependency */ = {
			isa = PBXTargetDependency;
			target = E6F4C65221D390C200FAC50F /* Warehouse */;
			targetProxy = E6F4C66921D390C300FAC50F /* PBXContainerItemProxy */;
		};
/* End PBXTargetDependency section */

/* Begin PBXVariantGroup section */
		E6F4C65F21D390C200FAC50F /* Main.storyboard */ = {
			isa = PBXVariantGroup;
			children = (
				E6F4C66021D390C200FAC50F /* Base */,
			);
			name = Main.storyboard;
			sourceTree = "<group>";
		};
/* End PBXVariantGroup section */

/* Begin XCBuildConfiguration section */
		E6F4C66F21D390C300FAC50F /* Debug */ = {
			isa = XCBuildConfiguration;
			buildSettings = {
				ALWAYS_SEARCH_USER_PATHS = NO;
				CLANG_ANALYZER_NONNULL = YES;
				CLANG_ANALYZER_NUMBER_OBJECT_CONVERSION = YES_AGGRESSIVE;
				CLANG_CXX_LANGUAGE_STANDARD = "gnu++14";
				CLANG_CXX_LIBRARY = "libc++";
				CLANG_ENABLE_MODULES = YES;
				CLANG_ENABLE_OBJC_ARC = YES;
				CLANG_WARN_BLOCK_CAPTURE_AUTORELEASING = YES;
				CLANG_WARN_BOOL_CONVERSION = YES;
				CLANG_WARN_COMMA = YES;
				CLANG_WARN_CONSTANT_CONVERSION = YES;
				CLANG_WARN_DIRECT_OBJC_ISA_USAGE = YES_ERROR;
				CLANG_WARN_DOCUMENTATION_COMMENTS = YES;
				CLANG_WARN_EMPTY_BODY = YES;
				CLANG_WARN_ENUM_CONVERSION = YES;
				CLANG_WARN_INFINITE_RECURSION = YES;
				CLANG_WARN_INT_CONVERSION = YES;
				CLANG_WARN_NON_LITERAL_NULL_CONVERSION = YES;
				CLANG_WARN_OBJC_LITERAL_CONVERSION = YES;
				CLANG_WARN_OBJC_ROOT_CLASS = YES_ERROR;
				CLANG_WARN_RANGE_LOOP_ANALYSIS = YES;
				CLANG_WARN_STRICT_PROTOTYPES = YES;
				CLANG_WARN_SUSPICIOUS_MOVE = YES;
				CLANG_WARN_UNGUARDED_AVAILABILITY = YES_AGGRESSIVE;
				CLANG_WARN_UNREACHABLE_CODE = YES;
				CLANG_WARN__DUPLICATE_METHOD_MATCH = YES;
				CODE_SIGN_IDENTITY = "Mac Developer";
				COPY_PHASE_STRIP = NO;
				DEBUG_INFORMATION_FORMAT = dwarf;
				ENABLE_STRICT_OBJC_MSGSEND = YES;
				ENABLE_TESTABILITY = YES;
				GCC_C_LANGUAGE_STANDARD = gnu11;
				GCC_DYNAMIC_NO_PIC = NO;
				GCC_NO_COMMON_BLOCKS = YES;
				GCC_OPTIMIZATION_LEVEL = 0;
				GCC_PREPROCESSOR_DEFINITIONS = (
					"DEBUG=1",
					"$(inherited)",
				);
				GCC_WARN_64_TO_32_BIT_CONVERSION = YES;
				GCC_WARN_ABOUT_RETURN_TYPE = YES_ERROR;
				GCC_WARN_UNDECLARED_SELECTOR = YES;
				GCC_WARN_UNINITIALIZED_AUTOS = YES_AGGRESSIVE;
				GCC_WARN_UNUSED_FUNCTION = YES;
				GCC_WARN_UNUSED_VARIABLE = YES;
				MACOSX_DEPLOYMENT_TARGET = 10.14;
				MTL_ENABLE_DEBUG_INFO = YES;
				ONLY_ACTIVE_ARCH = YES;
				SDKROOT = macosx;
				SWIFT_ACTIVE_COMPILATION_CONDITIONS = DEBUG;
				SWIFT_OPTIMIZATION_LEVEL = "-Onone";
			};
			name = Debug;
		};
		E6F4C67021D390C300FAC50F /* Release */ = {
			isa = XCBuildConfiguration;
			buildSettings = {
				ALWAYS_SEARCH_USER_PATHS = NO;
				CLANG_ANALYZER_NONNULL = YES;
				CLANG_ANALYZER_NUMBER_OBJECT_CONVERSION = YES_AGGRESSIVE;
				CLANG_CXX_LANGUAGE_STANDARD = "gnu++14";
				CLANG_CXX_LIBRARY = "libc++";
				CLANG_ENABLE_MODULES = YES;
				CLANG_ENABLE_OBJC_ARC = YES;
				CLANG_WARN_BLOCK_CAPTURE_AUTORELEASING = YES;
				CLANG_WARN_BOOL_CONVERSION = YES;
				CLANG_WARN_COMMA = YES;
				CLANG_WARN_CONSTANT_CONVERSION = YES;
				CLANG_WARN_DIRECT_OBJC_ISA_USAGE = YES_ERROR;
				CLANG_WARN_DOCUMENTATION_COMMENTS = YES;
				CLANG_WARN_EMPTY_BODY = YES;
				CLANG_WARN_ENUM_CONVERSION = YES;
				CLANG_WARN_INFINITE_RECURSION = YES;
				CLANG_WARN_INT_CONVERSION = YES;
				CLANG_WARN_NON_LITERAL_NULL_CONVERSION = YES;
				CLANG_WARN_OBJC_LITERAL_CONVERSION = YES;
				CLANG_WARN_OBJC_ROOT_CLASS = YES_ERROR;
				CLANG_WARN_RANGE_LOOP_ANALYSIS = YES;
				CLANG_WARN_STRICT_PROTOTYPES = YES;
				CLANG_WARN_SUSPICIOUS_MOVE = YES;
				CLANG_WARN_UNGUARDED_AVAILABILITY = YES_AGGRESSIVE;
				CLANG_WARN_UNREACHABLE_CODE = YES;
				CLANG_WARN__DUPLICATE_METHOD_MATCH = YES;
				CODE_SIGN_IDENTITY = "Mac Developer";
				COPY_PHASE_STRIP = NO;
				DEBUG_INFORMATION_FORMAT = "dwarf-with-dsym";
				ENABLE_NS_ASSERTIONS = NO;
				ENABLE_STRICT_OBJC_MSGSEND = YES;
				GCC_C_LANGUAGE_STANDARD = gnu11;
				GCC_NO_COMMON_BLOCKS = YES;
				GCC_WARN_64_TO_32_BIT_CONVERSION = YES;
				GCC_WARN_ABOUT_RETURN_TYPE = YES_ERROR;
				GCC_WARN_UNDECLARED_SELECTOR = YES;
				GCC_WARN_UNINITIALIZED_AUTOS = YES_AGGRESSIVE;
				GCC_WARN_UNUSED_FUNCTION = YES;
				GCC_WARN_UNUSED_VARIABLE = YES;
				MACOSX_DEPLOYMENT_TARGET = 10.14;
				MTL_ENABLE_DEBUG_INFO = NO;
				SDKROOT = macosx;
				SWIFT_OPTIMIZATION_LEVEL = "-Owholemodule";
			};
			name = Release;
		};
		E6F4C67221D390C300FAC50F /* Debug */ = {
			isa = XCBuildConfiguration;
			buildSettings = {
				ASSETCATALOG_COMPILER_APPICON_NAME = AppIcon;
				CODE_SIGN_ENTITLEMENTS = Warehouse/Warehouse.entitlements;
				CODE_SIGN_STYLE = Automatic;
				COMBINE_HIDPI_IMAGES = YES;
				DEVELOPMENT_TEAM = 6WPS33T7JH;
				INFOPLIST_FILE = Warehouse/Info.plist;
				LD_RUNPATH_SEARCH_PATHS = "$(inherited) @executable_path/../Frameworks";
				PRODUCT_BUNDLE_IDENTIFIER = ro.bearsoft.Warehouse;
				PRODUCT_NAME = "$(TARGET_NAME)";
				SWIFT_VERSION = 5.0;
			};
			name = Debug;
		};
		E6F4C67321D390C300FAC50F /* Release */ = {
			isa = XCBuildConfiguration;
			buildSettings = {
				ASSETCATALOG_COMPILER_APPICON_NAME = AppIcon;
				CODE_SIGN_ENTITLEMENTS = Warehouse/Warehouse.entitlements;
				CODE_SIGN_STYLE = Automatic;
				COMBINE_HIDPI_IMAGES = YES;
				DEVELOPMENT_TEAM = 6WPS33T7JH;
				INFOPLIST_FILE = Warehouse/Info.plist;
				LD_RUNPATH_SEARCH_PATHS = "$(inherited) @executable_path/../Frameworks";
				PRODUCT_BUNDLE_IDENTIFIER = ro.bearsoft.Warehouse;
				PRODUCT_NAME = "$(TARGET_NAME)";
				SWIFT_VERSION = 5.0;
			};
			name = Release;
		};
		E6F4C67521D390C300FAC50F /* Debug */ = {
			isa = XCBuildConfiguration;
			buildSettings = {
				ALWAYS_EMBED_SWIFT_STANDARD_LIBRARIES = YES;
				BUNDLE_LOADER = "$(TEST_HOST)";
				CODE_SIGN_STYLE = Automatic;
				COMBINE_HIDPI_IMAGES = YES;
				DEVELOPMENT_TEAM = 6WPS33T7JH;
				INFOPLIST_FILE = WarehouseTests/Info.plist;
				LD_RUNPATH_SEARCH_PATHS = "$(inherited) @executable_path/../Frameworks @loader_path/../Frameworks";
				PRODUCT_BUNDLE_IDENTIFIER = ro.bearsoft.WarehouseTests;
				PRODUCT_NAME = "$(TARGET_NAME)";
				SWIFT_VERSION = 5.0;
				TEST_HOST = "$(BUILT_PRODUCTS_DIR)/Warehouse.app/Contents/MacOS/Warehouse";
			};
			name = Debug;
		};
		E6F4C67621D390C300FAC50F /* Release */ = {
			isa = XCBuildConfiguration;
			buildSettings = {
				ALWAYS_EMBED_SWIFT_STANDARD_LIBRARIES = YES;
				BUNDLE_LOADER = "$(TEST_HOST)";
				CODE_SIGN_STYLE = Automatic;
				COMBINE_HIDPI_IMAGES = YES;
				DEVELOPMENT_TEAM = 6WPS33T7JH;
				INFOPLIST_FILE = WarehouseTests/Info.plist;
				LD_RUNPATH_SEARCH_PATHS = "$(inherited) @executable_path/../Frameworks @loader_path/../Frameworks";
				PRODUCT_BUNDLE_IDENTIFIER = ro.bearsoft.WarehouseTests;
				PRODUCT_NAME = "$(TARGET_NAME)";
				SWIFT_VERSION = 5.0;
				TEST_HOST = "$(BUILT_PRODUCTS_DIR)/Warehouse.app/Contents/MacOS/Warehouse";
			};
			name = Release;
		};
/* End XCBuildConfiguration section */

/* Begin XCConfigurationList section */
		E6F4C64E21D390C200FAC50F /* Build configuration list for PBXProject "Warehouse" */ = {
			isa = XCConfigurationList;
			buildConfigurations = (
				E6F4C66F21D390C300FAC50F /* Debug */,
				E6F4C67021D390C300FAC50F /* Release */,
			);
			defaultConfigurationIsVisible = 0;
			defaultConfigurationName = Release;
		};
		E6F4C67121D390C300FAC50F /* Build configuration list for PBXNativeTarget "Warehouse" */ = {
			isa = XCConfigurationList;
			buildConfigurations = (
				E6F4C67221D390C300FAC50F /* Debug */,
				E6F4C67321D390C300FAC50F /* Release */,
			);
			defaultConfigurationIsVisible = 0;
			defaultConfigurationName = Release;
		};
		E6F4C67421D390C300FAC50F /* Build configuration list for PBXNativeTarget "WarehouseTests" */ = {
			isa = XCConfigurationList;
			buildConfigurations = (
				E6F4C67521D390C300FAC50F /* Debug */,
				E6F4C67621D390C300FAC50F /* Release */,
			);
			defaultConfigurationIsVisible = 0;
			defaultConfigurationName = Release;
		};
/* End XCConfigurationList section */

/* Begin XCVersionGroup section */
		E6F4C65A21D390C200FAC50F /* Warehouse.xcdatamodeld */ = {
			isa = XCVersionGroup;
			children = (
				E6F4C65B21D390C200FAC50F /* Warehouse.xcdatamodel */,
			);
			currentVersion = E6F4C65B21D390C200FAC50F /* Warehouse.xcdatamodel */;
			path = Warehouse.xcdatamodeld;
			sourceTree = "<group>";
			versionGroupType = wrapper.xcdatamodel;
		};
/* End XCVersionGroup section */
	};
	rootObject = E6F4C64B21D390C200FAC50F /* Project object */;
}
